// !$*UTF8*$!
{
	archiveVersion = 1;
	classes = {
	};
	objectVersion = 50;
	objects = {

/* Begin PBXBuildFile section */
		920ADCFC2549004B008C185F /* SpeechSpeedAdjusmentViewController.swift in Sources */ = {isa = PBXBuildFile; fileRef = 920ADCFB2549004B008C185F /* SpeechSpeedAdjusmentViewController.swift */; };
		920ADD01254904C8008C185F /* MockStringGenerator.swift in Sources */ = {isa = PBXBuildFile; fileRef = 920ADD00254904C8008C185F /* MockStringGenerator.swift */; };
		92255924252C07D900F55815 /* AppDelegate.swift in Sources */ = {isa = PBXBuildFile; fileRef = 92255923252C07D900F55815 /* AppDelegate.swift */; };
		92255926252C07D900F55815 /* SceneDelegate.swift in Sources */ = {isa = PBXBuildFile; fileRef = 92255925252C07D900F55815 /* SceneDelegate.swift */; };
		92255928252C07D900F55815 /* ViewController.swift in Sources */ = {isa = PBXBuildFile; fileRef = 92255927252C07D900F55815 /* ViewController.swift */; };
		9225592B252C07D900F55815 /* Main.storyboard in Resources */ = {isa = PBXBuildFile; fileRef = 92255929252C07D900F55815 /* Main.storyboard */; };
		9225592D252C07DA00F55815 /* Assets.xcassets in Resources */ = {isa = PBXBuildFile; fileRef = 9225592C252C07DA00F55815 /* Assets.xcassets */; };
		92255930252C07DA00F55815 /* LaunchScreen.storyboard in Resources */ = {isa = PBXBuildFile; fileRef = 9225592E252C07DA00F55815 /* LaunchScreen.storyboard */; };
		92255938252C0CA800F55815 /* LabelViewController.swift in Sources */ = {isa = PBXBuildFile; fileRef = 92255937252C0CA800F55815 /* LabelViewController.swift */; };
		92A5AFDD254FAD110073DB9F /* PauseAndContinueViewController.swift in Sources */ = {isa = PBXBuildFile; fileRef = 92A5AFDC254FAD110073DB9F /* PauseAndContinueViewController.swift */; };
		92A5AFE1254FB1560073DB9F /* StopAndContinueViewController.swift in Sources */ = {isa = PBXBuildFile; fileRef = 92A5AFE0254FB1560073DB9F /* StopAndContinueViewController.swift */; };
/* End PBXBuildFile section */

/* Begin PBXFileReference section */
		920ADCFB2549004B008C185F /* SpeechSpeedAdjusmentViewController.swift */ = {isa = PBXFileReference; lastKnownFileType = sourcecode.swift; path = SpeechSpeedAdjusmentViewController.swift; sourceTree = "<group>"; };
		920ADD00254904C8008C185F /* MockStringGenerator.swift */ = {isa = PBXFileReference; lastKnownFileType = sourcecode.swift; path = MockStringGenerator.swift; sourceTree = "<group>"; };
		92255920252C07D900F55815 /* iOS-Swift-highlighted-TextToSpeech.app */ = {isa = PBXFileReference; explicitFileType = wrapper.application; includeInIndex = 0; path = "iOS-Swift-highlighted-TextToSpeech.app"; sourceTree = BUILT_PRODUCTS_DIR; };
		92255923252C07D900F55815 /* AppDelegate.swift */ = {isa = PBXFileReference; lastKnownFileType = sourcecode.swift; path = AppDelegate.swift; sourceTree = "<group>"; };
		92255925252C07D900F55815 /* SceneDelegate.swift */ = {isa = PBXFileReference; lastKnownFileType = sourcecode.swift; path = SceneDelegate.swift; sourceTree = "<group>"; };
		92255927252C07D900F55815 /* ViewController.swift */ = {isa = PBXFileReference; lastKnownFileType = sourcecode.swift; path = ViewController.swift; sourceTree = "<group>"; };
		9225592A252C07D900F55815 /* Base */ = {isa = PBXFileReference; lastKnownFileType = file.storyboard; name = Base; path = Base.lproj/Main.storyboard; sourceTree = "<group>"; };
		9225592C252C07DA00F55815 /* Assets.xcassets */ = {isa = PBXFileReference; lastKnownFileType = folder.assetcatalog; path = Assets.xcassets; sourceTree = "<group>"; };
		9225592F252C07DA00F55815 /* Base */ = {isa = PBXFileReference; lastKnownFileType = file.storyboard; name = Base; path = Base.lproj/LaunchScreen.storyboard; sourceTree = "<group>"; };
		92255931252C07DA00F55815 /* Info.plist */ = {isa = PBXFileReference; lastKnownFileType = text.plist.xml; path = Info.plist; sourceTree = "<group>"; };
		92255937252C0CA800F55815 /* LabelViewController.swift */ = {isa = PBXFileReference; lastKnownFileType = sourcecode.swift; path = LabelViewController.swift; sourceTree = "<group>"; };
		92A5AFDC254FAD110073DB9F /* PauseAndContinueViewController.swift */ = {isa = PBXFileReference; lastKnownFileType = sourcecode.swift; path = PauseAndContinueViewController.swift; sourceTree = "<group>"; };
		92A5AFE0254FB1560073DB9F /* StopAndContinueViewController.swift */ = {isa = PBXFileReference; lastKnownFileType = sourcecode.swift; path = StopAndContinueViewController.swift; sourceTree = "<group>"; };
/* End PBXFileReference section */

/* Begin PBXFrameworksBuildPhase section */
		9225591D252C07D900F55815 /* Frameworks */ = {
			isa = PBXFrameworksBuildPhase;
			buildActionMask = 2147483647;
			files = (
			);
			runOnlyForDeploymentPostprocessing = 0;
		};
/* End PBXFrameworksBuildPhase section */

/* Begin PBXGroup section */
		92255917252C07D900F55815 = {
			isa = PBXGroup;
			children = (
				92255922252C07D900F55815 /* iOS-Swift-highlighted-TextToSpeech */,
				92255921252C07D900F55815 /* Products */,
			);
			sourceTree = "<group>";
		};
		92255921252C07D900F55815 /* Products */ = {
			isa = PBXGroup;
			children = (
				92255920252C07D900F55815 /* iOS-Swift-highlighted-TextToSpeech.app */,
			);
			name = Products;
			sourceTree = "<group>";
		};
		92255922252C07D900F55815 /* iOS-Swift-highlighted-TextToSpeech */ = {
			isa = PBXGroup;
			children = (
				92255923252C07D900F55815 /* AppDelegate.swift */,
				92255925252C07D900F55815 /* SceneDelegate.swift */,
				92255927252C07D900F55815 /* ViewController.swift */,
				92255937252C0CA800F55815 /* LabelViewController.swift */,
				920ADCFB2549004B008C185F /* SpeechSpeedAdjusmentViewController.swift */,
				92255929252C07D900F55815 /* Main.storyboard */,
				9225592C252C07DA00F55815 /* Assets.xcassets */,
				9225592E252C07DA00F55815 /* LaunchScreen.storyboard */,
				92255931252C07DA00F55815 /* Info.plist */,
				920ADD00254904C8008C185F /* MockStringGenerator.swift */,
				92A5AFDC254FAD110073DB9F /* PauseAndContinueViewController.swift */,
				92A5AFE0254FB1560073DB9F /* StopAndContinueViewController.swift */,
			);
			path = "iOS-Swift-highlighted-TextToSpeech";
			sourceTree = "<group>";
		};
/* End PBXGroup section */

/* Begin PBXNativeTarget section */
		9225591F252C07D900F55815 /* iOS-Swift-highlighted-TextToSpeech */ = {
			isa = PBXNativeTarget;
			buildConfigurationList = 92255934252C07DA00F55815 /* Build configuration list for PBXNativeTarget "iOS-Swift-highlighted-TextToSpeech" */;
			buildPhases = (
				9225591C252C07D900F55815 /* Sources */,
				9225591D252C07D900F55815 /* Frameworks */,
				9225591E252C07D900F55815 /* Resources */,
			);
			buildRules = (
			);
			dependencies = (
			);
			name = "iOS-Swift-highlighted-TextToSpeech";
			productName = "iOS-Swift-highlighted-TextToSpeech";
			productReference = 92255920252C07D900F55815 /* iOS-Swift-highlighted-TextToSpeech.app */;
			productType = "com.apple.product-type.application";
		};
/* End PBXNativeTarget section */

/* Begin PBXProject section */
		92255918252C07D900F55815 /* Project object */ = {
			isa = PBXProject;
			attributes = {
				LastSwiftUpdateCheck = 1170;
				LastUpgradeCheck = 1170;
				ORGANIZATIONNAME = "Arifin Firdaus";
				TargetAttributes = {
					9225591F252C07D900F55815 = {
						CreatedOnToolsVersion = 11.7;
					};
				};
			};
			buildConfigurationList = 9225591B252C07D900F55815 /* Build configuration list for PBXProject "iOS-Swift-highlighted-TextToSpeech" */;
			compatibilityVersion = "Xcode 9.3";
			developmentRegion = en;
			hasScannedForEncodings = 0;
			knownRegions = (
				en,
				Base,
			);
			mainGroup = 92255917252C07D900F55815;
			productRefGroup = 92255921252C07D900F55815 /* Products */;
			projectDirPath = "";
			projectRoot = "";
			targets = (
				9225591F252C07D900F55815 /* iOS-Swift-highlighted-TextToSpeech */,
			);
		};
/* End PBXProject section */

/* Begin PBXResourcesBuildPhase section */
		9225591E252C07D900F55815 /* Resources */ = {
			isa = PBXResourcesBuildPhase;
			buildActionMask = 2147483647;
			files = (
				92255930252C07DA00F55815 /* LaunchScreen.storyboard in Resources */,
				9225592D252C07DA00F55815 /* Assets.xcassets in Resources */,
				9225592B252C07D900F55815 /* Main.storyboard in Resources */,
			);
			runOnlyForDeploymentPostprocessing = 0;
		};
/* End PBXResourcesBuildPhase section */

/* Begin PBXSourcesBuildPhase section */
		9225591C252C07D900F55815 /* Sources */ = {
			isa = PBXSourcesBuildPhase;
			buildActionMask = 2147483647;
			files = (
				920ADD01254904C8008C185F /* MockStringGenerator.swift in Sources */,
				92255928252C07D900F55815 /* ViewController.swift in Sources */,
				92255924252C07D900F55815 /* AppDelegate.swift in Sources */,
				92A5AFE1254FB1560073DB9F /* StopAndContinueViewController.swift in Sources */,
				92255926252C07D900F55815 /* SceneDelegate.swift in Sources */,
				92255938252C0CA800F55815 /* LabelViewController.swift in Sources */,
				92A5AFDD254FAD110073DB9F /* PauseAndContinueViewController.swift in Sources */,
				920ADCFC2549004B008C185F /* SpeechSpeedAdjusmentViewController.swift in Sources */,
			);
			runOnlyForDeploymentPostprocessing = 0;
		};
/* End PBXSourcesBuildPhase section */

/* Begin PBXVariantGroup section */
		92255929252C07D900F55815 /* Main.storyboard */ = {
			isa = PBXVariantGroup;
			children = (
				9225592A252C07D900F55815 /* Base */,
			);
			name = Main.storyboard;
			sourceTree = "<group>";
		};
		9225592E252C07DA00F55815 /* LaunchScreen.storyboard */ = {
			isa = PBXVariantGroup;
			children = (
				9225592F252C07DA00F55815 /* Base */,
			);
			name = LaunchScreen.storyboard;
			sourceTree = "<group>";
		};
/* End PBXVariantGroup section */

/* Begin XCBuildConfiguration section */
		92255932252C07DA00F55815 /* Debug */ = {
			isa = XCBuildConfiguration;
			buildSettings = {
				ALWAYS_SEARCH_USER_PATHS = NO;
				CLANG_ANALYZER_NONNULL = YES;
				CLANG_ANALYZER_NUMBER_OBJECT_CONVERSION = YES_AGGRESSIVE;
				CLANG_CXX_LANGUAGE_STANDARD = "gnu++14";
				CLANG_CXX_LIBRARY = "libc++";
				CLANG_ENABLE_MODULES = YES;
				CLANG_ENABLE_OBJC_ARC = YES;
				CLANG_ENABLE_OBJC_WEAK = YES;
				CLANG_WARN_BLOCK_CAPTURE_AUTORELEASING = YES;
				CLANG_WARN_BOOL_CONVERSION = YES;
				CLANG_WARN_COMMA = YES;
				CLANG_WARN_CONSTANT_CONVERSION = YES;
				CLANG_WARN_DEPRECATED_OBJC_IMPLEMENTATIONS = YES;
				CLANG_WARN_DIRECT_OBJC_ISA_USAGE = YES_ERROR;
				CLANG_WARN_DOCUMENTATION_COMMENTS = YES;
				CLANG_WARN_EMPTY_BODY = YES;
				CLANG_WARN_ENUM_CONVERSION = YES;
				CLANG_WARN_INFINITE_RECURSION = YES;
				CLANG_WARN_INT_CONVERSION = YES;
				CLANG_WARN_NON_LITERAL_NULL_CONVERSION = YES;
				CLANG_WARN_OBJC_IMPLICIT_RETAIN_SELF = YES;
				CLANG_WARN_OBJC_LITERAL_CONVERSION = YES;
				CLANG_WARN_OBJC_ROOT_CLASS = YES_ERROR;
				CLANG_WARN_RANGE_LOOP_ANALYSIS = YES;
				CLANG_WARN_STRICT_PROTOTYPES = YES;
				CLANG_WARN_SUSPICIOUS_MOVE = YES;
				CLANG_WARN_UNGUARDED_AVAILABILITY = YES_AGGRESSIVE;
				CLANG_WARN_UNREACHABLE_CODE = YES;
				CLANG_WARN__DUPLICATE_METHOD_MATCH = YES;
				COPY_PHASE_STRIP = NO;
				DEBUG_INFORMATION_FORMAT = dwarf;
				ENABLE_STRICT_OBJC_MSGSEND = YES;
				ENABLE_TESTABILITY = YES;
				GCC_C_LANGUAGE_STANDARD = gnu11;
				GCC_DYNAMIC_NO_PIC = NO;
				GCC_NO_COMMON_BLOCKS = YES;
				GCC_OPTIMIZATION_LEVEL = 0;
				GCC_PREPROCESSOR_DEFINITIONS = (
					"DEBUG=1",
					"$(inherited)",
				);
				GCC_WARN_64_TO_32_BIT_CONVERSION = YES;
				GCC_WARN_ABOUT_RETURN_TYPE = YES_ERROR;
				GCC_WARN_UNDECLARED_SELECTOR = YES;
				GCC_WARN_UNINITIALIZED_AUTOS = YES_AGGRESSIVE;
				GCC_WARN_UNUSED_FUNCTION = YES;
				GCC_WARN_UNUSED_VARIABLE = YES;
				IPHONEOS_DEPLOYMENT_TARGET = 13.7;
				MTL_ENABLE_DEBUG_INFO = INCLUDE_SOURCE;
				MTL_FAST_MATH = YES;
				ONLY_ACTIVE_ARCH = YES;
				SDKROOT = iphoneos;
				SWIFT_ACTIVE_COMPILATION_CONDITIONS = DEBUG;
				SWIFT_OPTIMIZATION_LEVEL = "-Onone";
			};
			name = Debug;
		};
		92255933252C07DA00F55815 /* Release */ = {
			isa = XCBuildConfiguration;
			buildSettings = {
				ALWAYS_SEARCH_USER_PATHS = NO;
				CLANG_ANALYZER_NONNULL = YES;
				CLANG_ANALYZER_NUMBER_OBJECT_CONVERSION = YES_AGGRESSIVE;
				CLANG_CXX_LANGUAGE_STANDARD = "gnu++14";
				CLANG_CXX_LIBRARY = "libc++";
				CLANG_ENABLE_MODULES = YES;
				CLANG_ENABLE_OBJC_ARC = YES;
				CLANG_ENABLE_OBJC_WEAK = YES;
				CLANG_WARN_BLOCK_CAPTURE_AUTORELEASING = YES;
				CLANG_WARN_BOOL_CONVERSION = YES;
				CLANG_WARN_COMMA = YES;
				CLANG_WARN_CONSTANT_CONVERSION = YES;
				CLANG_WARN_DEPRECATED_OBJC_IMPLEMENTATIONS = YES;
				CLANG_WARN_DIRECT_OBJC_ISA_USAGE = YES_ERROR;
				CLANG_WARN_DOCUMENTATION_COMMENTS = YES;
				CLANG_WARN_EMPTY_BODY = YES;
				CLANG_WARN_ENUM_CONVERSION = YES;
				CLANG_WARN_INFINITE_RECURSION = YES;
				CLANG_WARN_INT_CONVERSION = YES;
				CLANG_WARN_NON_LITERAL_NULL_CONVERSION = YES;
				CLANG_WARN_OBJC_IMPLICIT_RETAIN_SELF = YES;
				CLANG_WARN_OBJC_LITERAL_CONVERSION = YES;
				CLANG_WARN_OBJC_ROOT_CLASS = YES_ERROR;
				CLANG_WARN_RANGE_LOOP_ANALYSIS = YES;
				CLANG_WARN_STRICT_PROTOTYPES = YES;
				CLANG_WARN_SUSPICIOUS_MOVE = YES;
				CLANG_WARN_UNGUARDED_AVAILABILITY = YES_AGGRESSIVE;
				CLANG_WARN_UNREACHABLE_CODE = YES;
				CLANG_WARN__DUPLICATE_METHOD_MATCH = YES;
				COPY_PHASE_STRIP = NO;
				DEBUG_INFORMATION_FORMAT = "dwarf-with-dsym";
				ENABLE_NS_ASSERTIONS = NO;
				ENABLE_STRICT_OBJC_MSGSEND = YES;
				GCC_C_LANGUAGE_STANDARD = gnu11;
				GCC_NO_COMMON_BLOCKS = YES;
				GCC_WARN_64_TO_32_BIT_CONVERSION = YES;
				GCC_WARN_ABOUT_RETURN_TYPE = YES_ERROR;
				GCC_WARN_UNDECLARED_SELECTOR = YES;
				GCC_WARN_UNINITIALIZED_AUTOS = YES_AGGRESSIVE;
				GCC_WARN_UNUSED_FUNCTION = YES;
				GCC_WARN_UNUSED_VARIABLE = YES;
				IPHONEOS_DEPLOYMENT_TARGET = 13.7;
				MTL_ENABLE_DEBUG_INFO = NO;
				MTL_FAST_MATH = YES;
				SDKROOT = iphoneos;
				SWIFT_COMPILATION_MODE = wholemodule;
				SWIFT_OPTIMIZATION_LEVEL = "-O";
				VALIDATE_PRODUCT = YES;
			};
			name = Release;
		};
		92255935252C07DA00F55815 /* Debug */ = {
			isa = XCBuildConfiguration;
			buildSettings = {
				ASSETCATALOG_COMPILER_APPICON_NAME = AppIcon;
				CODE_SIGN_STYLE = Automatic;
				INFOPLIST_FILE = "iOS-Swift-highlighted-TextToSpeech/Info.plist";
				LD_RUNPATH_SEARCH_PATHS = (
					"$(inherited)",
					"@executable_path/Frameworks",
				);
				PRODUCT_BUNDLE_IDENTIFIER = "io.github.arifinfrds.iOS-Swift-highlighted-TextToSpeech";
				PRODUCT_NAME = "$(TARGET_NAME)";
				SWIFT_VERSION = 5.0;
				TARGETED_DEVICE_FAMILY = "1,2";
			};
			name = Debug;
		};
		92255936252C07DA00F55815 /* Release */ = {
			isa = XCBuildConfiguration;
			buildSettings = {
				ASSETCATALOG_COMPILER_APPICON_NAME = AppIcon;
				CODE_SIGN_STYLE = Automatic;
				INFOPLIST_FILE = "iOS-Swift-highlighted-TextToSpeech/Info.plist";
				LD_RUNPATH_SEARCH_PATHS = (
					"$(inherited)",
					"@executable_path/Frameworks",
				);
				PRODUCT_BUNDLE_IDENTIFIER = "io.github.arifinfrds.iOS-Swift-highlighted-TextToSpeech";
				PRODUCT_NAME = "$(TARGET_NAME)";
				SWIFT_VERSION = 5.0;
				TARGETED_DEVICE_FAMILY = "1,2";
			};
			name = Release;
		};
/* End XCBuildConfiguration section */

/* Begin XCConfigurationList section */
		9225591B252C07D900F55815 /* Build configuration list for PBXProject "iOS-Swift-highlighted-TextToSpeech" */ = {
			isa = XCConfigurationList;
			buildConfigurations = (
				92255932252C07DA00F55815 /* Debug */,
				92255933252C07DA00F55815 /* Release */,
			);
			defaultConfigurationIsVisible = 0;
			defaultConfigurationName = Release;
		};
		92255934252C07DA00F55815 /* Build configuration list for PBXNativeTarget "iOS-Swift-highlighted-TextToSpeech" */ = {
			isa = XCConfigurationList;
			buildConfigurations = (
				92255935252C07DA00F55815 /* Debug */,
				92255936252C07DA00F55815 /* Release */,
			);
			defaultConfigurationIsVisible = 0;
			defaultConfigurationName = Release;
		};
/* End XCConfigurationList section */
	};
	rootObject = 92255918252C07D900F55815 /* Project object */;
}
